<?xml version="1.0" encoding="utf-8"?>
<Project ToolsVersion="4.0" xmlns="http://schemas.microsoft.com/developer/msbuild/2003">
  <ItemGroup>
    <Filter Include="resources">
      <UniqueIdentifier>{67DA6AB6-F800-4c08-8B7A-83BB121AAD01}</UniqueIdentifier>
      <Extensions>rc;ico;cur;bmp;dlg;rc2;rct;bin;rgs;gif;jpg;jpeg;jpe;resx;tiff;tif;png;wav;mfcribbon-ms</Extensions>
    </Filter>
    <Filter Include="gui">
      <UniqueIdentifier>{cfb4b140-d5d4-4335-aa04-d74785acd062}</UniqueIdentifier>
    </Filter>
    <Filter Include="entities">
      <UniqueIdentifier>{908976e8-c901-411f-a072-4d0adf202164}</UniqueIdentifier>
    </Filter>
  </ItemGroup>
  <ItemGroup>
    <Text Include="ReadMe.txt" />
  </ItemGroup>
  <ItemGroup>
    <ClInclude Include="resources\resource.h">
      <Filter>resources</Filter>
    </ClInclude>
    <ClInclude Include="resources\targetver.h">
      <Filter>resources</Filter>
    </ClInclude>
    <ClInclude Include="simple_tanks.h" />
    <ClInclude Include="gui\gui_battle.h">
      <Filter>gui</Filter>
    </ClInclude>
    <ClInclude Include="gui\gui_game_main_window.h">
      <Filter>gui</Filter>
    </ClInclude>
    <ClInclude Include="gui\gui_menu.h">
      <Filter>gui</Filter>
    </ClInclude>
    <ClInclude Include="gui\game_field.h">
      <Filter>gui</Filter>
    </ClInclude>
    <ClInclude Include="entities\tank.h">
      <Filter>entities</Filter>
    </ClInclude>
    <ClInclude Include="entities\tank_layout.h">
      <Filter>entities</Filter>
    </ClInclude>
    <ClInclude Include="entities\bullet.h">
      <Filter>entities</Filter>
    </ClInclude>
    <ClInclude Include="entities\i_breakable.h">
      <Filter>entities</Filter>
    </ClInclude>
    <ClInclude Include="entities\block.h">
      <Filter>entities</Filter>
    </ClInclude>
  </ItemGroup>
  <ItemGroup>
    <ClCompile Include="simple_tanks.cpp" />
    <ClCompile Include="gui\gui_battle.cpp">
      <Filter>gui</Filter>
    </ClCompile>
    <ClCompile Include="gui\gui_game_main_window.cpp">
      <Filter>gui</Filter>
    </ClCompile>
    <ClCompile Include="gui\gui_menu.cpp">
      <Filter>gui</Filter>
    </ClCompile>
    <ClCompile Include="entities\tank.cpp">
      <Filter>entities</Filter>
    </ClCompile>
    <ClCompile Include="gui\game_field.cpp">
      <Filter>gui</Filter>
    </ClCompile>
    <ClCompile Include="entities\bullet.cpp">
      <Filter>entities</Filter>
    </ClCompile>
    <ClCompile Include="entities\block.cpp">
      <Filter>entities</Filter>
    </ClCompile>
  </ItemGroup>
  <ItemGroup>
    <Image Include="resources\battle_city.png">
      <Filter>resources</Filter>
    </Image>
    <Image Include="resources\simple_tanks.ico">
      <Filter>resources</Filter>
    </Image>
    <Image Include="resources\small.ico">
      <Filter>resources</Filter>
    </Image>
  </ItemGroup>
  <ItemGroup>
    <ResourceCompile Include="resources\simple_tanks.rc">
      <Filter>resources</Filter>
    </ResourceCompile>
  </ItemGroup>
</Project>